<?xml version="1.0" encoding="utf-8"?>
<Project ToolsVersion="4.0" xmlns="http://schemas.microsoft.com/developer/msbuild/2003">
  <ItemGroup>
    <Filter Include="ソース ファイル">
      <UniqueIdentifier>{4FC737F1-C7A5-4376-A066-2A32D752A2FF}</UniqueIdentifier>
      <Extensions>cpp;c;cc;cxx;def;odl;idl;hpj;bat;asm;asmx</Extensions>
    </Filter>
    <Filter Include="ヘッダー ファイル">
      <UniqueIdentifier>{93995380-89BD-4b04-88EB-625FBE52EBFB}</UniqueIdentifier>
      <Extensions>h;hh;hpp;hxx;hm;inl;inc;xsd</Extensions>
    </Filter>
    <Filter Include="リソース ファイル">
      <UniqueIdentifier>{67DA6AB6-F800-4c08-8B7A-83BB121AAD01}</UniqueIdentifier>
      <Extensions>rc;ico;cur;bmp;dlg;rc2;rct;bin;rgs;gif;jpg;jpeg;jpe;resx;tiff;tif;png;wav;mfcribbon-ms</Extensions>
    </Filter>
    <Filter Include="ソース ファイル\GameScene">
      <UniqueIdentifier>{e6e27e06-35de-4dd5-b0ac-e43f5f4e83a4}</UniqueIdentifier>
    </Filter>
    <Filter Include="ソース ファイル\GameScene\MoveObject">
      <UniqueIdentifier>{f5e37a80-3854-4684-a4c3-b764d7b8b273}</UniqueIdentifier>
    </Filter>
    <Filter Include="ヘッダー ファイル\GameScene">
      <UniqueIdentifier>{eed2dfc5-3d39-4c3f-87ff-a9f98f09ac26}</UniqueIdentifier>
    </Filter>
    <Filter Include="ヘッダー ファイル\GameScene\MoveObject">
      <UniqueIdentifier>{43acacfb-dc04-4ebb-bfca-4ff42429bf97}</UniqueIdentifier>
    </Filter>
    <Filter Include="ヘッダー ファイル\OtherScene">
      <UniqueIdentifier>{20fca4c4-23ce-4c8a-b9d0-447aa017ab0b}</UniqueIdentifier>
    </Filter>
    <Filter Include="ソース ファイル\OtherScene">
      <UniqueIdentifier>{5f222e26-58cf-4bd2-acdc-cc165765b084}</UniqueIdentifier>
    </Filter>
    <Filter Include="ソース ファイル\MenuScene">
      <UniqueIdentifier>{0fe7f841-3e13-4857-9315-4487bd7a38e4}</UniqueIdentifier>
    </Filter>
    <Filter Include="ヘッダー ファイル\MenuScene">
      <UniqueIdentifier>{e5f60a47-1fe0-440e-b2c5-6e7453aa1475}</UniqueIdentifier>
    </Filter>
  </ItemGroup>
  <ItemGroup>
    <ClCompile Include="Keybord.cpp">
      <Filter>ソース ファイル</Filter>
    </ClCompile>
    <ClCompile Include="Main.cpp">
      <Filter>ソース ファイル</Filter>
    </ClCompile>
    <ClCompile Include="テスト用メモ.cpp">
      <Filter>ソース ファイル</Filter>
    </ClCompile>
    <ClCompile Include="SceneMgr.cpp">
      <Filter>ソース ファイル</Filter>
    </ClCompile>
    <ClCompile Include="Mover.cpp">
      <Filter>ソース ファイル\GameScene\MoveObject</Filter>
    </ClCompile>
    <ClCompile Include="Bullet.cpp">
      <Filter>ソース ファイル\GameScene\MoveObject</Filter>
    </ClCompile>
    <ClCompile Include="Player.cpp">
      <Filter>ソース ファイル\GameScene\MoveObject</Filter>
    </ClCompile>
    <ClCompile Include="GameSystem.cpp">
      <Filter>ソース ファイル\GameScene</Filter>
    </ClCompile>
    <ClCompile Include="Weapon.cpp">
      <Filter>ソース ファイル\GameScene\MoveObject</Filter>
    </ClCompile>
    <ClCompile Include="GameScene.cpp">
      <Filter>ソース ファイル\GameScene</Filter>
    </ClCompile>
    <ClCompile Include="BulletMode.cpp">
      <Filter>ソース ファイル\GameScene</Filter>
    </ClCompile>
    <ClCompile Include="Enemy.cpp">
      <Filter>ソース ファイル\GameScene\MoveObject</Filter>
    </ClCompile>
    <ClCompile Include="EnemyAdd.cpp">
      <Filter>ソース ファイル\GameScene</Filter>
    </ClCompile>
    <ClCompile Include="SoundMgr.cpp">
      <Filter>ソース ファイル</Filter>
    </ClCompile>
    <ClCompile Include="GameClearScene.cpp">
      <Filter>ソース ファイル\OtherScene</Filter>
    </ClCompile>
    <ClCompile Include="EffectMgr.cpp">
      <Filter>ソース ファイル</Filter>
    </ClCompile>
    <ClCompile Include="Boss.cpp">
      <Filter>ソース ファイル\GameScene\MoveObject</Filter>
    </ClCompile>
    <ClCompile Include="BaseSelectScene.cpp">
      <Filter>ソース ファイル</Filter>
    </ClCompile>
    <ClCompile Include="MyDxlib.cpp">
      <Filter>ソース ファイル</Filter>
    </ClCompile>
    <ClCompile Include="GameOverSelect.cpp">
      <Filter>ソース ファイル\GameScene</Filter>
    </ClCompile>
    <ClCompile Include="MenuScene.cpp">
      <Filter>ソース ファイル\MenuScene</Filter>
    </ClCompile>
    <ClCompile Include="FazeSelect.cpp">
      <Filter>ソース ファイル\MenuScene</Filter>
    </ClCompile>
    <ClCompile Include="EscapeSelect.cpp">
      <Filter>ソース ファイル</Filter>
    </ClCompile>
    <ClCompile Include="ManualSelect.cpp">
      <Filter>ソース ファイル</Filter>
    </ClCompile>
    <ClCompile Include="ModeSelect.cpp">
      <Filter>ソース ファイル\MenuScene</Filter>
    </ClCompile>
  </ItemGroup>
  <ItemGroup>
    <ClInclude Include="Keybord.h">
      <Filter>ヘッダー ファイル</Filter>
    </ClInclude>
    <ClInclude Include="SceneMgr.h">
      <Filter>ヘッダー ファイル</Filter>
    </ClInclude>
    <ClInclude Include="BaseScene.h">
      <Filter>ヘッダー ファイル</Filter>
    </ClInclude>
    <ClInclude Include="Common.h">
      <Filter>ヘッダー ファイル</Filter>
    </ClInclude>
    <ClInclude Include="Mover.h">
      <Filter>ヘッダー ファイル\GameScene\MoveObject</Filter>
    </ClInclude>
    <ClInclude Include="Bullet.h">
      <Filter>ヘッダー ファイル\GameScene\MoveObject</Filter>
    </ClInclude>
    <ClInclude Include="BulletMode.h">
      <Filter>ヘッダー ファイル\GameScene\MoveObject</Filter>
    </ClInclude>
    <ClInclude Include="Player.h">
      <Filter>ヘッダー ファイル\GameScene\MoveObject</Filter>
    </ClInclude>
    <ClInclude Include="Enemy.h">
      <Filter>ヘッダー ファイル\GameScene\MoveObject</Filter>
    </ClInclude>
    <ClInclude Include="GameSystem.h">
      <Filter>ヘッダー ファイル\GameScene</Filter>
    </ClInclude>
    <ClInclude Include="EnemyAdd.h">
      <Filter>ヘッダー ファイル\GameScene\MoveObject</Filter>
    </ClInclude>
    <ClInclude Include="Weapon.h">
      <Filter>ヘッダー ファイル\GameScene\MoveObject</Filter>
    </ClInclude>
    <ClInclude Include="GameScene.h">
      <Filter>ヘッダー ファイル\GameScene</Filter>
    </ClInclude>
    <ClInclude Include="MyDxlib.h">
      <Filter>ヘッダー ファイル</Filter>
    </ClInclude>
    <ClInclude Include="SoundMgr.h">
      <Filter>ヘッダー ファイル</Filter>
    </ClInclude>
    <ClInclude Include="GameClearScene.h">
      <Filter>ヘッダー ファイル\OtherScene</Filter>
    </ClInclude>
    <ClInclude Include="EffectMgr.h">
      <Filter>ヘッダー ファイル</Filter>
    </ClInclude>
    <ClInclude Include="Boss.h">
      <Filter>ヘッダー ファイル\GameScene\MoveObject</Filter>
    </ClInclude>
    <ClInclude Include="BaseSelectScene.h">
      <Filter>ヘッダー ファイル</Filter>
    </ClInclude>
    <ClInclude Include="GameOverSelect.h">
      <Filter>ヘッダー ファイル\GameScene</Filter>
    </ClInclude>
    <ClInclude Include="MenuScene.h">
      <Filter>ヘッダー ファイル\MenuScene</Filter>
    </ClInclude>
    <ClInclude Include="FazeSelect.h">
      <Filter>ヘッダー ファイル\MenuScene</Filter>
    </ClInclude>
    <ClInclude Include="EscapeSelect.h">
      <Filter>ヘッダー ファイル</Filter>
    </ClInclude>
    <ClInclude Include="ManualSelect.h">
      <Filter>ヘッダー ファイル</Filter>
    </ClInclude>
    <ClInclude Include="ModeSelect.h">
      <Filter>ヘッダー ファイル\MenuScene</Filter>
    </ClInclude>
  </ItemGroup>
  <ItemGroup>
    <None Include="packages.config" />
  </ItemGroup>
  <ItemGroup>
    <ResourceCompile Include="Resource.rc">
      <Filter>リソース ファイル</Filter>
    </ResourceCompile>
  </ItemGroup>
</Project>