<?xml version="1.0" encoding="utf-8"?>
<Project ToolsVersion="4.0" xmlns="http://schemas.microsoft.com/developer/msbuild/2003">
  <ItemGroup>
    <Filter Include="ソース ファイル">
      <UniqueIdentifier>{4FC737F1-C7A5-4376-A066-2A32D752A2FF}</UniqueIdentifier>
      <Extensions>cpp;c;cc;cxx;def;odl;idl;hpj;bat;asm;asmx</Extensions>
    </Filter>
    <Filter Include="ヘッダー ファイル">
      <UniqueIdentifier>{93995380-89BD-4b04-88EB-625FBE52EBFB}</UniqueIdentifier>
      <Extensions>h;hh;hpp;hxx;hm;inl;inc;xsd</Extensions>
    </Filter>
    <Filter Include="リソース ファイル">
      <UniqueIdentifier>{67DA6AB6-F800-4c08-8B7A-83BB121AAD01}</UniqueIdentifier>
      <Extensions>rc;ico;cur;bmp;dlg;rc2;rct;bin;rgs;gif;jpg;jpeg;jpe;resx;tiff;tif;png;wav;mfcribbon-ms</Extensions>
    </Filter>
    <Filter Include="ソース ファイル\GameMode">
      <UniqueIdentifier>{e6e27e06-35de-4dd5-b0ac-e43f5f4e83a4}</UniqueIdentifier>
    </Filter>
    <Filter Include="ソース ファイル\GameMode\MoveObject">
      <UniqueIdentifier>{f5e37a80-3854-4684-a4c3-b764d7b8b273}</UniqueIdentifier>
    </Filter>
    <Filter Include="ヘッダー ファイル\GameMode">
      <UniqueIdentifier>{eed2dfc5-3d39-4c3f-87ff-a9f98f09ac26}</UniqueIdentifier>
    </Filter>
    <Filter Include="ヘッダー ファイル\GameMode\MoveObject">
      <UniqueIdentifier>{43acacfb-dc04-4ebb-bfca-4ff42429bf97}</UniqueIdentifier>
    </Filter>
  </ItemGroup>
  <ItemGroup>
    <ClCompile Include="Keybord.cpp">
      <Filter>ソース ファイル</Filter>
    </ClCompile>
    <ClCompile Include="Main.cpp">
      <Filter>ソース ファイル</Filter>
    </ClCompile>
    <ClCompile Include="テスト用メモ.cpp">
      <Filter>ソース ファイル</Filter>
    </ClCompile>
    <ClCompile Include="Gameover.cpp">
      <Filter>ソース ファイル\GameMode</Filter>
    </ClCompile>
    <ClCompile Include="SceneMgr.cpp">
      <Filter>ソース ファイル</Filter>
    </ClCompile>
    <ClCompile Include="Menu.cpp">
      <Filter>ソース ファイル</Filter>
    </ClCompile>
    <ClCompile Include="Game.cpp">
      <Filter>ソース ファイル\GameMode</Filter>
    </ClCompile>
    <ClCompile Include="Mover.cpp">
      <Filter>ソース ファイル\GameMode\MoveObject</Filter>
    </ClCompile>
    <ClCompile Include="Bullet.cpp">
      <Filter>ソース ファイル\GameMode\MoveObject</Filter>
    </ClCompile>
    <ClCompile Include="BulletMode.cpp">
      <Filter>ソース ファイル\GameMode\MoveObject</Filter>
    </ClCompile>
    <ClCompile Include="Player.cpp">
      <Filter>ソース ファイル\GameMode\MoveObject</Filter>
    </ClCompile>
    <ClCompile Include="Enemy.cpp">
      <Filter>ソース ファイル\GameMode\MoveObject</Filter>
    </ClCompile>
    <ClCompile Include="GameSystem.cpp">
      <Filter>ソース ファイル\GameMode</Filter>
    </ClCompile>
    <ClCompile Include="GameTask.cpp">
      <Filter>ソース ファイル\GameMode</Filter>
    </ClCompile>
    <ClCompile Include="EnemyAdd.cpp">
      <Filter>ソース ファイル\GameMode\MoveObject</Filter>
    </ClCompile>
    <ClCompile Include="Weapon.cpp">
      <Filter>ソース ファイル\GameMode\MoveObject</Filter>
    </ClCompile>
  </ItemGroup>
  <ItemGroup>
    <ClInclude Include="Keybord.h">
      <Filter>ヘッダー ファイル</Filter>
    </ClInclude>
    <ClInclude Include="Gameover.h">
      <Filter>ヘッダー ファイル\GameMode</Filter>
    </ClInclude>
    <ClInclude Include="SceneMgr.h">
      <Filter>ヘッダー ファイル</Filter>
    </ClInclude>
    <ClInclude Include="BaseScene.h">
      <Filter>ヘッダー ファイル</Filter>
    </ClInclude>
    <ClInclude Include="Game.h">
      <Filter>ヘッダー ファイル\GameMode</Filter>
    </ClInclude>
    <ClInclude Include="Menu.h">
      <Filter>ヘッダー ファイル</Filter>
    </ClInclude>
    <ClInclude Include="End.h">
      <Filter>ヘッダー ファイル</Filter>
    </ClInclude>
    <ClInclude Include="Common.h">
      <Filter>ヘッダー ファイル</Filter>
    </ClInclude>
    <ClInclude Include="Mover.h">
      <Filter>ヘッダー ファイル\GameMode\MoveObject</Filter>
    </ClInclude>
    <ClInclude Include="Bullet.h">
      <Filter>ヘッダー ファイル\GameMode\MoveObject</Filter>
    </ClInclude>
    <ClInclude Include="BulletMode.h">
      <Filter>ヘッダー ファイル\GameMode\MoveObject</Filter>
    </ClInclude>
    <ClInclude Include="Player.h">
      <Filter>ヘッダー ファイル\GameMode\MoveObject</Filter>
    </ClInclude>
    <ClInclude Include="Enemy.h">
      <Filter>ヘッダー ファイル\GameMode\MoveObject</Filter>
    </ClInclude>
    <ClInclude Include="GameSystem.h">
      <Filter>ヘッダー ファイル\GameMode</Filter>
    </ClInclude>
    <ClInclude Include="GameTask.h">
      <Filter>ヘッダー ファイル\GameMode</Filter>
    </ClInclude>
    <ClInclude Include="EnemyAdd.h">
      <Filter>ヘッダー ファイル\GameMode\MoveObject</Filter>
    </ClInclude>
    <ClInclude Include="Weapon.h">
      <Filter>ヘッダー ファイル\GameMode\MoveObject</Filter>
    </ClInclude>
  </ItemGroup>
</Project>