<?xml version="1.0" encoding="utf-8"?>
<Project ToolsVersion="4.0" xmlns="http://schemas.microsoft.com/developer/msbuild/2003">
  <ItemGroup>
    <Filter Include="ソース ファイル">
      <UniqueIdentifier>{4FC737F1-C7A5-4376-A066-2A32D752A2FF}</UniqueIdentifier>
      <Extensions>cpp;c;cc;cxx;def;odl;idl;hpj;bat;asm;asmx</Extensions>
    </Filter>
    <Filter Include="ヘッダー ファイル">
      <UniqueIdentifier>{93995380-89BD-4b04-88EB-625FBE52EBFB}</UniqueIdentifier>
      <Extensions>h;hh;hpp;hxx;hm;inl;inc;xsd</Extensions>
    </Filter>
    <Filter Include="リソース ファイル">
      <UniqueIdentifier>{67DA6AB6-F800-4c08-8B7A-83BB121AAD01}</UniqueIdentifier>
      <Extensions>rc;ico;cur;bmp;dlg;rc2;rct;bin;rgs;gif;jpg;jpeg;jpe;resx;tiff;tif;png;wav;mfcribbon-ms</Extensions>
    </Filter>
    <Filter Include="ソース ファイル\GameScene">
      <UniqueIdentifier>{e6e27e06-35de-4dd5-b0ac-e43f5f4e83a4}</UniqueIdentifier>
    </Filter>
    <Filter Include="ソース ファイル\GameScene\MoveObject">
      <UniqueIdentifier>{f5e37a80-3854-4684-a4c3-b764d7b8b273}</UniqueIdentifier>
    </Filter>
    <Filter Include="ソース ファイル\MenuScene">
      <UniqueIdentifier>{e8a82649-e60e-4563-864d-4c4fb16cfb7e}</UniqueIdentifier>
    </Filter>
    <Filter Include="ヘッダー ファイル\MenuScene">
      <UniqueIdentifier>{b8eed8a4-fe98-4af1-ac5c-c07864647576}</UniqueIdentifier>
    </Filter>
    <Filter Include="ソース ファイル\GameOverScene">
      <UniqueIdentifier>{6efba235-39f9-47b4-b782-b74bb36741b1}</UniqueIdentifier>
    </Filter>
    <Filter Include="ヘッダー ファイル\GameOverScene">
      <UniqueIdentifier>{b6b55767-34cd-4aa7-8afa-49e0f8481f44}</UniqueIdentifier>
    </Filter>
    <Filter Include="ヘッダー ファイル\GameScene">
      <UniqueIdentifier>{eed2dfc5-3d39-4c3f-87ff-a9f98f09ac26}</UniqueIdentifier>
    </Filter>
    <Filter Include="ヘッダー ファイル\GameScene\MoveObject">
      <UniqueIdentifier>{43acacfb-dc04-4ebb-bfca-4ff42429bf97}</UniqueIdentifier>
    </Filter>
  </ItemGroup>
  <ItemGroup>
    <ClCompile Include="Keybord.cpp">
      <Filter>ソース ファイル</Filter>
    </ClCompile>
    <ClCompile Include="Main.cpp">
      <Filter>ソース ファイル</Filter>
    </ClCompile>
    <ClCompile Include="テスト用メモ.cpp">
      <Filter>ソース ファイル</Filter>
    </ClCompile>
    <ClCompile Include="SceneMgr.cpp">
      <Filter>ソース ファイル</Filter>
    </ClCompile>
    <ClCompile Include="Mover.cpp">
      <Filter>ソース ファイル\GameScene\MoveObject</Filter>
    </ClCompile>
    <ClCompile Include="Bullet.cpp">
      <Filter>ソース ファイル\GameScene\MoveObject</Filter>
    </ClCompile>
    <ClCompile Include="BulletMode.cpp">
      <Filter>ソース ファイル\GameScene\MoveObject</Filter>
    </ClCompile>
    <ClCompile Include="Player.cpp">
      <Filter>ソース ファイル\GameScene\MoveObject</Filter>
    </ClCompile>
    <ClCompile Include="Enemy.cpp">
      <Filter>ソース ファイル\GameScene\MoveObject</Filter>
    </ClCompile>
    <ClCompile Include="GameSystem.cpp">
      <Filter>ソース ファイル\GameScene</Filter>
    </ClCompile>
    <ClCompile Include="EnemyAdd.cpp">
      <Filter>ソース ファイル\GameScene\MoveObject</Filter>
    </ClCompile>
    <ClCompile Include="Weapon.cpp">
      <Filter>ソース ファイル\GameScene\MoveObject</Filter>
    </ClCompile>
    <ClCompile Include="GameScene.cpp">
      <Filter>ソース ファイル\GameScene</Filter>
    </ClCompile>
    <ClCompile Include="MenuScene.cpp">
      <Filter>ソース ファイル\MenuScene</Filter>
    </ClCompile>
    <ClCompile Include="GameOverScene.cpp">
      <Filter>ソース ファイル\GameOverScene</Filter>
    </ClCompile>
  </ItemGroup>
  <ItemGroup>
    <ClInclude Include="Keybord.h">
      <Filter>ヘッダー ファイル</Filter>
    </ClInclude>
    <ClInclude Include="SceneMgr.h">
      <Filter>ヘッダー ファイル</Filter>
    </ClInclude>
    <ClInclude Include="BaseScene.h">
      <Filter>ヘッダー ファイル</Filter>
    </ClInclude>
    <ClInclude Include="Common.h">
      <Filter>ヘッダー ファイル</Filter>
    </ClInclude>
    <ClInclude Include="Mover.h">
      <Filter>ヘッダー ファイル\GameScene\MoveObject</Filter>
    </ClInclude>
    <ClInclude Include="Bullet.h">
      <Filter>ヘッダー ファイル\GameScene\MoveObject</Filter>
    </ClInclude>
    <ClInclude Include="BulletMode.h">
      <Filter>ヘッダー ファイル\GameScene\MoveObject</Filter>
    </ClInclude>
    <ClInclude Include="Player.h">
      <Filter>ヘッダー ファイル\GameScene\MoveObject</Filter>
    </ClInclude>
    <ClInclude Include="Enemy.h">
      <Filter>ヘッダー ファイル\GameScene\MoveObject</Filter>
    </ClInclude>
    <ClInclude Include="GameSystem.h">
      <Filter>ヘッダー ファイル\GameScene</Filter>
    </ClInclude>
    <ClInclude Include="EnemyAdd.h">
      <Filter>ヘッダー ファイル\GameScene\MoveObject</Filter>
    </ClInclude>
    <ClInclude Include="Weapon.h">
      <Filter>ヘッダー ファイル\GameScene\MoveObject</Filter>
    </ClInclude>
    <ClInclude Include="GameScene.h">
      <Filter>ヘッダー ファイル\GameScene</Filter>
    </ClInclude>
    <ClInclude Include="MenuScene.h">
      <Filter>ヘッダー ファイル\MenuScene</Filter>
    </ClInclude>
    <ClInclude Include="GameoverScene.h">
      <Filter>ヘッダー ファイル\GameOverScene</Filter>
    </ClInclude>
    <ClInclude Include="MyDxlib.h">
      <Filter>ヘッダー ファイル</Filter>
    </ClInclude>
  </ItemGroup>
  <ItemGroup>
    <None Include="packages.config" />
  </ItemGroup>
  <ItemGroup>
    <ResourceCompile Include="Resource.rc">
      <Filter>リソース ファイル</Filter>
    </ResourceCompile>
  </ItemGroup>
</Project>